
Microsoft Visual Studio Solution File, Format Version 12.00
# Visual Studio 15
Project("{FAE04EC0-301F-11D3-BF4B-00C04F79EFBC}") = "CAF", "CAF.csproj", "{E7FF6E62-E5A6-B85B-528D-A4166D40D5DF}"
EndProject
Project("{FAE04EC0-301F-11D3-BF4B-00C04F79EFBC}") = "TDAction", "TDAction.csproj", "{BCDE0F44-8860-F530-DBD6-F1FB59A5158C}"
EndProject
Project("{FAE04EC0-301F-11D3-BF4B-00C04F79EFBC}") = "CAF.Editor", "CAF.Editor.csproj", "{C0385C2B-581C-1CDD-ACA3-6BB14EC4BADE}"
EndProject
Global
	GlobalSection(SolutionConfigurationPlatforms) = preSolution
		Debug|Any CPU = Debug|Any CPU
		Release|Any CPU = Release|Any CPU
	EndGlobalSection
	GlobalSection(ProjectConfigurationPlatforms) = postSolution
		{E7FF6E62-E5A6-B85B-528D-A4166D40D5DF}.Debug|Any CPU.ActiveCfg = Debug|Any CPU
		{E7FF6E62-E5A6-B85B-528D-A4166D40D5DF}.Debug|Any CPU.Build.0 = Debug|Any CPU
		{E7FF6E62-E5A6-B85B-528D-A4166D40D5DF}.Release|Any CPU.ActiveCfg = Release|Any CPU
		{E7FF6E62-E5A6-B85B-528D-A4166D40D5DF}.Release|Any CPU.Build.0 = Release|Any CPU
		{BCDE0F44-8860-F530-DBD6-F1FB59A5158C}.Debug|Any CPU.ActiveCfg = Debug|Any CPU
		{BCDE0F44-8860-F530-DBD6-F1FB59A5158C}.Debug|Any CPU.Build.0 = Debug|Any CPU
		{BCDE0F44-8860-F530-DBD6-F1FB59A5158C}.Release|Any CPU.ActiveCfg = Release|Any CPU
		{BCDE0F44-8860-F530-DBD6-F1FB59A5158C}.Release|Any CPU.Build.0 = Release|Any CPU
		{C0385C2B-581C-1CDD-ACA3-6BB14EC4BADE}.Debug|Any CPU.ActiveCfg = Debug|Any CPU
		{C0385C2B-581C-1CDD-ACA3-6BB14EC4BADE}.Debug|Any CPU.Build.0 = Debug|Any CPU
		{C0385C2B-581C-1CDD-ACA3-6BB14EC4BADE}.Release|Any CPU.ActiveCfg = Release|Any CPU
		{C0385C2B-581C-1CDD-ACA3-6BB14EC4BADE}.Release|Any CPU.Build.0 = Release|Any CPU
	EndGlobalSection
	GlobalSection(SolutionProperties) = preSolution
		HideSolutionNode = FALSE
	EndGlobalSection
EndGlobal
