
Microsoft Visual Studio Solution File, Format Version 11.00
# Visual Studio 2010
Project("{FAE04EC0-301F-11D3-BF4B-00C04F79EFBC}") = "HnSF", "HnSF.csproj", "{19762b2f-dc58-620d-4737-b881af539594}"
EndProject
Project("{FAE04EC0-301F-11D3-BF4B-00C04F79EFBC}") = "Assembly-CSharp", "Assembly-CSharp.csproj", "{8e1e2749-8817-c26e-66a7-b41b6050580c}"
EndProject
Project("{FAE04EC0-301F-11D3-BF4B-00C04F79EFBC}") = "HnSF.Editor", "HnSF.Editor.csproj", "{b03dd685-1060-5289-a6a8-18e0d09226ff}"
EndProject
Global
	GlobalSection(SolutionConfigurationPlatforms) = preSolution
		Debug|Any CPU = Debug|Any CPU
		Release|Any CPU = Release|Any CPU
	EndGlobalSection
	GlobalSection(ProjectConfigurationPlatforms) = postSolution
		{19762b2f-dc58-620d-4737-b881af539594}.Debug|Any CPU.ActiveCfg = Debug|Any CPU
		{19762b2f-dc58-620d-4737-b881af539594}.Debug|Any CPU.Build.0 = Debug|Any CPU
		{19762b2f-dc58-620d-4737-b881af539594}.Release|Any CPU.ActiveCfg = Release|Any CPU
		{19762b2f-dc58-620d-4737-b881af539594}.Release|Any CPU.Build.0 = Release|Any CPU
		{8e1e2749-8817-c26e-66a7-b41b6050580c}.Debug|Any CPU.ActiveCfg = Debug|Any CPU
		{8e1e2749-8817-c26e-66a7-b41b6050580c}.Debug|Any CPU.Build.0 = Debug|Any CPU
		{8e1e2749-8817-c26e-66a7-b41b6050580c}.Release|Any CPU.ActiveCfg = Release|Any CPU
		{8e1e2749-8817-c26e-66a7-b41b6050580c}.Release|Any CPU.Build.0 = Release|Any CPU
		{b03dd685-1060-5289-a6a8-18e0d09226ff}.Debug|Any CPU.ActiveCfg = Debug|Any CPU
		{b03dd685-1060-5289-a6a8-18e0d09226ff}.Debug|Any CPU.Build.0 = Debug|Any CPU
		{b03dd685-1060-5289-a6a8-18e0d09226ff}.Release|Any CPU.ActiveCfg = Release|Any CPU
		{b03dd685-1060-5289-a6a8-18e0d09226ff}.Release|Any CPU.Build.0 = Release|Any CPU
	EndGlobalSection
	GlobalSection(SolutionProperties) = preSolution
		HideSolutionNode = FALSE
	EndGlobalSection
EndGlobal
